
Microsoft Visual Studio Solution File, Format Version 12.00
# Visual Studio 15
VisualStudioVersion = 15.0.27130.2024
MinimumVisualStudioVersion = 10.0.40219.1
Project("{FAE04EC0-301F-11D3-BF4B-00C04F79EFBC}") = "ImmutableLinkedList", "ImmutableLinkedList\ImmutableLinkedList.csproj", "{C875C521-8CF6-49A4-AEE2-E0F078792E97}"
EndProject
Project("{FAE04EC0-301F-11D3-BF4B-00C04F79EFBC}") = "ImmutableLinkedList.Tests", "ImmutableLinkedList.Tests\ImmutableLinkedList.Tests.csproj", "{C457DB33-B6FB-4431-A576-C6B8828EAD46}"
EndProject
Global
	GlobalSection(SolutionConfigurationPlatforms) = preSolution
		Debug|Any CPU = Debug|Any CPU
		Release|Any CPU = Release|Any CPU
	EndGlobalSection
	GlobalSection(ProjectConfigurationPlatforms) = postSolution
		{C875C521-8CF6-49A4-AEE2-E0F078792E97}.Debug|Any CPU.ActiveCfg = Debug|Any CPU
		{C875C521-8CF6-49A4-AEE2-E0F078792E97}.Debug|Any CPU.Build.0 = Debug|Any CPU
		{C875C521-8CF6-49A4-AEE2-E0F078792E97}.Release|Any CPU.ActiveCfg = Release|Any CPU
		{C875C521-8CF6-49A4-AEE2-E0F078792E97}.Release|Any CPU.Build.0 = Release|Any CPU
		{C457DB33-B6FB-4431-A576-C6B8828EAD46}.Debug|Any CPU.ActiveCfg = Debug|Any CPU
		{C457DB33-B6FB-4431-A576-C6B8828EAD46}.Debug|Any CPU.Build.0 = Debug|Any CPU
		{C457DB33-B6FB-4431-A576-C6B8828EAD46}.Release|Any CPU.ActiveCfg = Release|Any CPU
		{C457DB33-B6FB-4431-A576-C6B8828EAD46}.Release|Any CPU.Build.0 = Release|Any CPU
	EndGlobalSection
	GlobalSection(SolutionProperties) = preSolution
		HideSolutionNode = FALSE
	EndGlobalSection
	GlobalSection(ExtensibilityGlobals) = postSolution
		SolutionGuid = {8113FC35-AA78-484B-B780-6F6BB94191F6}
	EndGlobalSection
EndGlobal
